
Microsoft Visual Studio Solution File, Format Version 12.00
# Visual Studio Version 17
VisualStudioVersion = 17.14.36203.30 d17.14
MinimumVisualStudioVersion = 10.0.40219.1
Project("{FAE04EC0-301F-11D3-BF4B-00C04F79EFBC}") = "ProjectSnake", "ProjectSnake.csproj", "{59816E31-CD06-457E-93CD-5FDDB4048DDD}"
EndProject
Global
	GlobalSection(SolutionConfigurationPlatforms) = preSolution
		Debug|Any CPU = Debug|Any CPU
		Release|Any CPU = Release|Any CPU
	EndGlobalSection
	GlobalSection(ProjectConfigurationPlatforms) = postSolution
		{59816E31-CD06-457E-93CD-5FDDB4048DDD}.Debug|Any CPU.ActiveCfg = Debug|Any CPU
		{59816E31-CD06-457E-93CD-5FDDB4048DDD}.Debug|Any CPU.Build.0 = Debug|Any CPU
		{59816E31-CD06-457E-93CD-5FDDB4048DDD}.Release|Any CPU.ActiveCfg = Release|Any CPU
		{59816E31-CD06-457E-93CD-5FDDB4048DDD}.Release|Any CPU.Build.0 = Release|Any CPU
	EndGlobalSection
	GlobalSection(SolutionProperties) = preSolution
		HideSolutionNode = FALSE
	EndGlobalSection
	GlobalSection(ExtensibilityGlobals) = postSolution
		SolutionGuid = {A4EF2B51-DC3A-4BC4-9AF6-A0D5950C7DB8}
	EndGlobalSection
EndGlobal
